
Microsoft Visual Studio Solution File, Format Version 12.00
# Visual Studio Version 17
VisualStudioVersion = 17.5.33414.496
MinimumVisualStudioVersion = 10.0.40219.1
Project("{FAE04EC0-301F-11D3-BF4B-00C04F79EFBC}") = "CaravanMVC", "CaravanMVC\CaravanMVC.csproj", "{984CF5B4-A54C-4088-8159-08E1BFF92E32}"
EndProject
Global
	GlobalSection(SolutionConfigurationPlatforms) = preSolution
		Debug|Any CPU = Debug|Any CPU
		Release|Any CPU = Release|Any CPU
	EndGlobalSection
	GlobalSection(ProjectConfigurationPlatforms) = postSolution
		{984CF5B4-A54C-4088-8159-08E1BFF92E32}.Debug|Any CPU.ActiveCfg = Debug|Any CPU
		{984CF5B4-A54C-4088-8159-08E1BFF92E32}.Debug|Any CPU.Build.0 = Debug|Any CPU
		{984CF5B4-A54C-4088-8159-08E1BFF92E32}.Release|Any CPU.ActiveCfg = Release|Any CPU
		{984CF5B4-A54C-4088-8159-08E1BFF92E32}.Release|Any CPU.Build.0 = Release|Any CPU
	EndGlobalSection
	GlobalSection(SolutionProperties) = preSolution
		HideSolutionNode = FALSE
	EndGlobalSection
	GlobalSection(ExtensibilityGlobals) = postSolution
		SolutionGuid = {85E33486-4E1A-47CD-8B3B-BF008EC243CF}
	EndGlobalSection
EndGlobal
